
Microsoft Visual Studio Solution File, Format Version 12.00
# Visual Studio Version 17
VisualStudioVersion = 17.10.34928.147
MinimumVisualStudioVersion = 10.0.40219.1
Project("{FAE04EC0-301F-11D3-BF4B-00C04F79EFBC}") = "exam02", "exam02\exam02.csproj", "{AF42B072-07E3-4AB3-94C1-B9E85177E3EE}"
EndProject
Global
	GlobalSection(SolutionConfigurationPlatforms) = preSolution
		Debug|Any CPU = Debug|Any CPU
		Release|Any CPU = Release|Any CPU
	EndGlobalSection
	GlobalSection(ProjectConfigurationPlatforms) = postSolution
		{AF42B072-07E3-4AB3-94C1-B9E85177E3EE}.Debug|Any CPU.ActiveCfg = Debug|Any CPU
		{AF42B072-07E3-4AB3-94C1-B9E85177E3EE}.Debug|Any CPU.Build.0 = Debug|Any CPU
		{AF42B072-07E3-4AB3-94C1-B9E85177E3EE}.Release|Any CPU.ActiveCfg = Release|Any CPU
		{AF42B072-07E3-4AB3-94C1-B9E85177E3EE}.Release|Any CPU.Build.0 = Release|Any CPU
	EndGlobalSection
	GlobalSection(SolutionProperties) = preSolution
		HideSolutionNode = FALSE
	EndGlobalSection
	GlobalSection(ExtensibilityGlobals) = postSolution
		SolutionGuid = {20D83FB9-D749-4B7E-9C49-38D97E487BDF}
	EndGlobalSection
EndGlobal
